
Microsoft Visual Studio Solution File, Format Version 12.00
# Visual Studio Version 17
VisualStudioVersion = 17.3.32825.248
MinimumVisualStudioVersion = 10.0.40219.1
Project("{2150E333-8FDC-42A3-9474-1A3956D46DE8}") = "Api.Application", "Api.Application", "{6A2CB375-AE34-4D54-AE0F-29A3034FD259}"
EndProject
Project("{9A19103F-16F7-4668-BE54-9A1E7A4F7556}") = "Application", "Configuracao_API\Application.csproj", "{46F02F13-1BB4-4849-91A1-4FABAF9433A4}"
	ProjectSection(ProjectDependencies) = postProject
		{12D04BF1-A09C-4238-A873-DAA8824CCE7A} = {12D04BF1-A09C-4238-A873-DAA8824CCE7A}
	EndProjectSection
EndProject
Project("{2150E333-8FDC-42A3-9474-1A3956D46DE8}") = "Api.Domain", "Api.Domain", "{ED312033-A488-48A9-948E-969202EB6118}"
EndProject
Project("{9A19103F-16F7-4668-BE54-9A1E7A4F7556}") = "Domain", "Domain\Domain.csproj", "{9403F6D6-23BF-4A6B-A700-12B98B4E7DCE}"
EndProject
Project("{2150E333-8FDC-42A3-9474-1A3956D46DE8}") = "Api.CrossCutting", "Api.CrossCutting", "{FCDF036C-39D2-4AA3-BBCC-D0BDBEB136D5}"
EndProject
Project("{9A19103F-16F7-4668-BE54-9A1E7A4F7556}") = "CrossCutting", "CrossCutting\CrossCutting.csproj", "{3C567578-9BC4-4DF9-A56A-6388EB2856C3}"
EndProject
Project("{2150E333-8FDC-42A3-9474-1A3956D46DE8}") = "Api.Data", "Api.Data", "{CB4DA539-3CB4-48E5-BFEE-3BB15EE74DB0}"
EndProject
Project("{9A19103F-16F7-4668-BE54-9A1E7A4F7556}") = "Data", "Data\Data.csproj", "{12D04BF1-A09C-4238-A873-DAA8824CCE7A}"
EndProject
Project("{2150E333-8FDC-42A3-9474-1A3956D46DE8}") = "Api.Service", "Api.Service", "{1A9915B5-FE2F-4253-80BA-A4D33A04F090}"
EndProject
Project("{9A19103F-16F7-4668-BE54-9A1E7A4F7556}") = "Service", "Service\Service.csproj", "{5AD920C2-2E7D-430A-89F9-5052319F6B10}"
EndProject
Global
	GlobalSection(SolutionConfigurationPlatforms) = preSolution
		Debug|Any CPU = Debug|Any CPU
		Release|Any CPU = Release|Any CPU
	EndGlobalSection
	GlobalSection(ProjectConfigurationPlatforms) = postSolution
		{46F02F13-1BB4-4849-91A1-4FABAF9433A4}.Debug|Any CPU.ActiveCfg = Debug|Any CPU
		{46F02F13-1BB4-4849-91A1-4FABAF9433A4}.Debug|Any CPU.Build.0 = Debug|Any CPU
		{46F02F13-1BB4-4849-91A1-4FABAF9433A4}.Release|Any CPU.ActiveCfg = Release|Any CPU
		{46F02F13-1BB4-4849-91A1-4FABAF9433A4}.Release|Any CPU.Build.0 = Release|Any CPU
		{9403F6D6-23BF-4A6B-A700-12B98B4E7DCE}.Debug|Any CPU.ActiveCfg = Debug|Any CPU
		{9403F6D6-23BF-4A6B-A700-12B98B4E7DCE}.Debug|Any CPU.Build.0 = Debug|Any CPU
		{9403F6D6-23BF-4A6B-A700-12B98B4E7DCE}.Release|Any CPU.ActiveCfg = Release|Any CPU
		{9403F6D6-23BF-4A6B-A700-12B98B4E7DCE}.Release|Any CPU.Build.0 = Release|Any CPU
		{3C567578-9BC4-4DF9-A56A-6388EB2856C3}.Debug|Any CPU.ActiveCfg = Debug|Any CPU
		{3C567578-9BC4-4DF9-A56A-6388EB2856C3}.Debug|Any CPU.Build.0 = Debug|Any CPU
		{3C567578-9BC4-4DF9-A56A-6388EB2856C3}.Release|Any CPU.ActiveCfg = Release|Any CPU
		{3C567578-9BC4-4DF9-A56A-6388EB2856C3}.Release|Any CPU.Build.0 = Release|Any CPU
		{12D04BF1-A09C-4238-A873-DAA8824CCE7A}.Debug|Any CPU.ActiveCfg = Debug|Any CPU
		{12D04BF1-A09C-4238-A873-DAA8824CCE7A}.Debug|Any CPU.Build.0 = Debug|Any CPU
		{12D04BF1-A09C-4238-A873-DAA8824CCE7A}.Release|Any CPU.ActiveCfg = Release|Any CPU
		{12D04BF1-A09C-4238-A873-DAA8824CCE7A}.Release|Any CPU.Build.0 = Release|Any CPU
		{5AD920C2-2E7D-430A-89F9-5052319F6B10}.Debug|Any CPU.ActiveCfg = Debug|Any CPU
		{5AD920C2-2E7D-430A-89F9-5052319F6B10}.Debug|Any CPU.Build.0 = Debug|Any CPU
		{5AD920C2-2E7D-430A-89F9-5052319F6B10}.Release|Any CPU.ActiveCfg = Release|Any CPU
		{5AD920C2-2E7D-430A-89F9-5052319F6B10}.Release|Any CPU.Build.0 = Release|Any CPU
	EndGlobalSection
	GlobalSection(SolutionProperties) = preSolution
		HideSolutionNode = FALSE
	EndGlobalSection
	GlobalSection(NestedProjects) = preSolution
		{46F02F13-1BB4-4849-91A1-4FABAF9433A4} = {6A2CB375-AE34-4D54-AE0F-29A3034FD259}
		{9403F6D6-23BF-4A6B-A700-12B98B4E7DCE} = {ED312033-A488-48A9-948E-969202EB6118}
		{3C567578-9BC4-4DF9-A56A-6388EB2856C3} = {FCDF036C-39D2-4AA3-BBCC-D0BDBEB136D5}
		{12D04BF1-A09C-4238-A873-DAA8824CCE7A} = {CB4DA539-3CB4-48E5-BFEE-3BB15EE74DB0}
		{5AD920C2-2E7D-430A-89F9-5052319F6B10} = {1A9915B5-FE2F-4253-80BA-A4D33A04F090}
	EndGlobalSection
	GlobalSection(ExtensibilityGlobals) = postSolution
		SolutionGuid = {226DDE96-710F-4105-8E17-8904B4AB96E4}
	EndGlobalSection
EndGlobal
